{
  "name": "genai4lib-workshop",
  "lockfileVersion": 3,
  "requires": true,
  "packages": {
    "": {
      "dependencies": {
        "@jupyter-widgets/controls": "^5.0.8"
      }
    },
    "node_modules/@jupyter-widgets/base": {
      "version": "6.0.7",
      "resolved": "https://registry.npmjs.org/@jupyter-widgets/base/-/base-6.0.7.tgz",
      "integrity": "sha512-a4VoUtL+90mGH6VE6m78D2J9aNy9Q1JrPP91HAQTXBysVpCLTtq0Ie8EupN5Su7V8eFwl/wz91J2m0p4jY4h0g==",
      "dependencies": {
        "@jupyterlab/services": "^6.0.0 || ^7.0.0",
        "@lumino/coreutils": "^1.11.1 || ^2.1",
        "@lumino/messaging": "^1.10.1 || ^2.1",
        "@lumino/widgets": "^1.30.0 || ^2.1",
        "@types/backbone": "1.4.14",
        "@types/lodash": "^4.14.134",
        "backbone": "1.4.0",
        "jquery": "^3.1.1",
        "lodash": "^4.17.4"
      }
    },
    "node_modules/@jupyter-widgets/controls": {
      "version": "5.0.8",
      "resolved": "https://registry.npmjs.org/@jupyter-widgets/controls/-/controls-5.0.8.tgz",
      "integrity": "sha512-WPLBvYJMIa4Qsu3B8czrzCJXpRIs0vO+5hlAYC8SZUoksCsWof7kVJPDkCdu+MqNwv4ZThFi+MGLDU+IjkmmCA==",
      "dependencies": {
        "@jupyter-widgets/base": "^6.0.7",
        "@lumino/algorithm": "^1.9.1 || ^2.1",
        "@lumino/domutils": "^1.8.1 || ^2.1",
        "@lumino/messaging": "^1.10.1 || ^2.1",
        "@lumino/signaling": "^1.10.1 || ^2.1",
        "@lumino/widgets": "^1.30.0 || ^2.1",
        "d3-color": "^3.0.1",
        "d3-format": "^3.0.1",
        "jquery": "^3.1.1",
        "nouislider": "15.4.0"
      }
    },
    "node_modules/@jupyter/ydoc": {
      "version": "2.0.1",
      "resolved": "https://registry.npmjs.org/@jupyter/ydoc/-/ydoc-2.0.1.tgz",
      "integrity": "sha512-HyJPi7dHEWqxBqfjU+QqY/ks5RpDPYFl8QtbBYQ56WRN6nOvI/QOnDUCTTRU9p+X38IDqM+Rym+SLVn0qLppzg==",
      "dependencies": {
        "@jupyterlab/nbformat": "^3.0.0 || ^4.0.0-alpha.21 || ^4.0.0",
        "@lumino/coreutils": "^1.11.0 || ^2.0.0",
        "@lumino/disposable": "^1.10.0 || ^2.0.0",
        "@lumino/signaling": "^1.10.0 || ^2.0.0",
        "y-protocols": "^1.0.5",
        "yjs": "^13.5.40"
      }
    },
    "node_modules/@jupyterlab/coreutils": {
      "version": "6.2.0",
      "resolved": "https://registry.npmjs.org/@jupyterlab/coreutils/-/coreutils-6.2.0.tgz",
      "integrity": "sha512-utWs8ZPs3J5l+t1LVd/tRbw0kmSX/qMzelH98vmBLPEc+UNbNGiLOLsHLMq+nyAdNz8bZyXJKviUsLbc6tnT/Q==",
      "dependencies": {
        "@lumino/coreutils": "^2.1.2",
        "@lumino/disposable": "^2.1.2",
        "@lumino/signaling": "^2.1.2",
        "minimist": "~1.2.0",
        "path-browserify": "^1.0.0",
        "url-parse": "~1.5.4"
      }
    },
    "node_modules/@jupyterlab/nbformat": {
      "version": "4.2.0",
      "resolved": "https://registry.npmjs.org/@jupyterlab/nbformat/-/nbformat-4.2.0.tgz",
      "integrity": "sha512-kHnF4+6BOIM4IPn6Mk5cXxoH/e+NLA1dvcTzA9u8a9btE8djZ8cbJ36gHmadus+FwXi77Egikt3JESniGihKag==",
      "dependencies": {
        "@lumino/coreutils": "^2.1.2"
      }
    },
    "node_modules/@jupyterlab/services": {
      "version": "7.2.0",
      "resolved": "https://registry.npmjs.org/@jupyterlab/services/-/services-7.2.0.tgz",
      "integrity": "sha512-Kk7bjE83oADJ2qIZ8oma1HkwmnW6MecxBe8HXtd7aZSCh3IUeAIu3DnhYtq4+J/HH+mvc1n2e3+fmcr9+iIqrQ==",
      "dependencies": {
        "@jupyter/ydoc": "^2.0.1",
        "@jupyterlab/coreutils": "^6.2.0",
        "@jupyterlab/nbformat": "^4.2.0",
        "@jupyterlab/settingregistry": "^4.2.0",
        "@jupyterlab/statedb": "^4.2.0",
        "@lumino/coreutils": "^2.1.2",
        "@lumino/disposable": "^2.1.2",
        "@lumino/polling": "^2.1.2",
        "@lumino/properties": "^2.0.1",
        "@lumino/signaling": "^2.1.2",
        "ws": "^8.11.0"
      }
    },
    "node_modules/@jupyterlab/settingregistry": {
      "version": "4.2.0",
      "resolved": "https://registry.npmjs.org/@jupyterlab/settingregistry/-/settingregistry-4.2.0.tgz",
      "integrity": "sha512-PNPiAeVOmZuapjjq6sfUOsAWH+bHy0oYy0yxSh4QT2C3quY9M9s+AGUu4+N1iUNeSpXKNWWARMOc3fUu4zZ1pw==",
      "dependencies": {
        "@jupyterlab/nbformat": "^4.2.0",
        "@jupyterlab/statedb": "^4.2.0",
        "@lumino/commands": "^2.3.0",
        "@lumino/coreutils": "^2.1.2",
        "@lumino/disposable": "^2.1.2",
        "@lumino/signaling": "^2.1.2",
        "@rjsf/utils": "^5.13.4",
        "ajv": "^8.12.0",
        "json5": "^2.2.3"
      },
      "peerDependencies": {
        "react": ">=16"
      }
    },
    "node_modules/@jupyterlab/statedb": {
      "version": "4.2.0",
      "resolved": "https://registry.npmjs.org/@jupyterlab/statedb/-/statedb-4.2.0.tgz",
      "integrity": "sha512-F2j7ydYLVSpL58gp7C0FGJPmUI3hpYIXkGkgvEYhV3RuQA7ONeaeSE1CH7Hc8N7WMvs6S7X77TPHoRk/FdzDfg==",
      "dependencies": {
        "@lumino/commands": "^2.3.0",
        "@lumino/coreutils": "^2.1.2",
        "@lumino/disposable": "^2.1.2",
        "@lumino/properties": "^2.0.1",
        "@lumino/signaling": "^2.1.2"
      }
    },
    "node_modules/@lumino/algorithm": {
      "version": "1.9.2",
      "resolved": "https://registry.npmjs.org/@lumino/algorithm/-/algorithm-1.9.2.tgz",
      "integrity": "sha512-Z06lp/yuhz8CtIir3PNTGnuk7909eXt4ukJsCzChsGuot2l5Fbs96RJ/FOHgwCedaX74CtxPjXHXoszFbUA+4A=="
    },
    "node_modules/@lumino/collections": {
      "version": "1.9.3",
      "resolved": "https://registry.npmjs.org/@lumino/collections/-/collections-1.9.3.tgz",
      "integrity": "sha512-2i2Wf1xnfTgEgdyKEpqM16bcYRIhUOGCDzaVCEZACVG9R1CgYwOe3zfn71slBQOVSjjRgwYrgLXu4MBpt6YK+g==",
      "dependencies": {
        "@lumino/algorithm": "^1.9.2"
      }
    },
    "node_modules/@lumino/commands": {
      "version": "2.3.0",
      "resolved": "https://registry.npmjs.org/@lumino/commands/-/commands-2.3.0.tgz",
      "integrity": "sha512-qOF9p9W54IWjyXrbd9QKr0d5XIn5ZTh6PBFO4UBGvEJJPO477tDm0f36HUxMMRtdJvp5ArgTj5/Khd3L3BFayg==",
      "dependencies": {
        "@lumino/algorithm": "^2.0.1",
        "@lumino/coreutils": "^2.1.2",
        "@lumino/disposable": "^2.1.2",
        "@lumino/domutils": "^2.0.1",
        "@lumino/keyboard": "^2.0.1",
        "@lumino/signaling": "^2.1.2",
        "@lumino/virtualdom": "^2.0.1"
      }
    },
    "node_modules/@lumino/commands/node_modules/@lumino/algorithm": {
      "version": "2.0.1",
      "resolved": "https://registry.npmjs.org/@lumino/algorithm/-/algorithm-2.0.1.tgz",
      "integrity": "sha512-iA+uuvA7DeNFB0/cQpIWNgO1c6z4pOSigifjstLy+rxf1U5ZzxIq+xudnEuTbWgKSTviG02j4cKwCyx1PO6rzA=="
    },
    "node_modules/@lumino/commands/node_modules/@lumino/domutils": {
      "version": "2.0.1",
      "resolved": "https://registry.npmjs.org/@lumino/domutils/-/domutils-2.0.1.tgz",
      "integrity": "sha512-tbcfhsdKH04AMjSgYAYGD2xE80YcjrqKnfMTeU2NHt4J294Hzxs1GvEmSMk5qJ3Bbgwx6Z4BbQ7apnFg8Gc6cA=="
    },
    "node_modules/@lumino/coreutils": {
      "version": "2.1.2",
      "resolved": "https://registry.npmjs.org/@lumino/coreutils/-/coreutils-2.1.2.tgz",
      "integrity": "sha512-vyz7WzchTO4HQ8iVAxvSUmb5o/8t3cz1vBo8V4ZIaPGada0Jx0xe3tKQ8bXp4pjHc+AEhMnkCnlUyVYMWbnj4A=="
    },
    "node_modules/@lumino/disposable": {
      "version": "2.1.2",
      "resolved": "https://registry.npmjs.org/@lumino/disposable/-/disposable-2.1.2.tgz",
      "integrity": "sha512-0qmB6zPt9+uj4SVMTfISn0wUOjYHahtKotwxDD5flfcscj2gsXaFCXO4Oqot1zcsZbg8uJmTUhEzAvFW0QhFNA==",
      "dependencies": {
        "@lumino/signaling": "^2.1.2"
      }
    },
    "node_modules/@lumino/domutils": {
      "version": "1.8.2",
      "resolved": "https://registry.npmjs.org/@lumino/domutils/-/domutils-1.8.2.tgz",
      "integrity": "sha512-QIpMfkPJrs4GrWBuJf2Sn1fpyVPmvqUUAeD8xAQo8+4V5JAT0vUDLxZ9HijefMgNCi3+Bs8Z3lQwRCrz+cFP1A=="
    },
    "node_modules/@lumino/dragdrop": {
      "version": "2.1.4",
      "resolved": "https://registry.npmjs.org/@lumino/dragdrop/-/dragdrop-2.1.4.tgz",
      "integrity": "sha512-/ckaYPHIZC1Ff0pU2H3WDI/Xm7V3i0XnyYG4PeZvG1+ovc0I0zeZtlb6qZXne0Vi2r8L2a0624FjF2CwwgNSnA==",
      "dependencies": {
        "@lumino/coreutils": "^2.1.2",
        "@lumino/disposable": "^2.1.2"
      }
    },
    "node_modules/@lumino/keyboard": {
      "version": "2.0.1",
      "resolved": "https://registry.npmjs.org/@lumino/keyboard/-/keyboard-2.0.1.tgz",
      "integrity": "sha512-R2mrH9HCEcv/0MSAl7bEUbjCNOnhrg49nXZBEVckg//TEG+sdayCsyrbJNMPcZ07asIPKc6mq3v7DpAmDKqh+w=="
    },
    "node_modules/@lumino/messaging": {
      "version": "1.10.3",
      "resolved": "https://registry.npmjs.org/@lumino/messaging/-/messaging-1.10.3.tgz",
      "integrity": "sha512-F/KOwMCdqvdEG8CYAJcBSadzp6aI7a47Fr60zAKGqZATSRRRV41q53iXU7HjFPqQqQIvdn9Z7J32rBEAyQAzww==",
      "dependencies": {
        "@lumino/algorithm": "^1.9.2",
        "@lumino/collections": "^1.9.3"
      }
    },
    "node_modules/@lumino/polling": {
      "version": "2.1.2",
      "resolved": "https://registry.npmjs.org/@lumino/polling/-/polling-2.1.2.tgz",
      "integrity": "sha512-hv6MT7xuSrw2gW4VIoiz3L366ZdZz4oefht+7HIW/VUB6seSDp0kVyZ4P9P4I4s/LauuzPqru3eWr7QAsFZyGA==",
      "dependencies": {
        "@lumino/coreutils": "^2.1.2",
        "@lumino/disposable": "^2.1.2",
        "@lumino/signaling": "^2.1.2"
      }
    },
    "node_modules/@lumino/properties": {
      "version": "2.0.1",
      "resolved": "https://registry.npmjs.org/@lumino/properties/-/properties-2.0.1.tgz",
      "integrity": "sha512-RPtHrp8cQqMnTC915lOIdrmsbPDCC7PhPOZb2YY7/Jj6dEdwmGhoMthc2tBEYWoHP+tU/hVm8UR/mEQby22srQ=="
    },
    "node_modules/@lumino/signaling": {
      "version": "2.1.2",
      "resolved": "https://registry.npmjs.org/@lumino/signaling/-/signaling-2.1.2.tgz",
      "integrity": "sha512-KtwKxx+xXkLOX/BdSqtvnsqBTPKDIENFBKeYkMTxstQc3fHRmyTzmaVoeZES+pr1EUy3e8vM4pQFVQpb8VsDdA==",
      "dependencies": {
        "@lumino/algorithm": "^2.0.1",
        "@lumino/coreutils": "^2.1.2"
      }
    },
    "node_modules/@lumino/signaling/node_modules/@lumino/algorithm": {
      "version": "2.0.1",
      "resolved": "https://registry.npmjs.org/@lumino/algorithm/-/algorithm-2.0.1.tgz",
      "integrity": "sha512-iA+uuvA7DeNFB0/cQpIWNgO1c6z4pOSigifjstLy+rxf1U5ZzxIq+xudnEuTbWgKSTviG02j4cKwCyx1PO6rzA=="
    },
    "node_modules/@lumino/virtualdom": {
      "version": "2.0.1",
      "resolved": "https://registry.npmjs.org/@lumino/virtualdom/-/virtualdom-2.0.1.tgz",
      "integrity": "sha512-WNM+uUZX7vORhlDRN9NmhEE04Tz1plDjtbwsX+i/51pQj2N2r7+gsVPY/gR4w+I5apmC3zG8/BojjJYIwi8ogA==",
      "dependencies": {
        "@lumino/algorithm": "^2.0.1"
      }
    },
    "node_modules/@lumino/virtualdom/node_modules/@lumino/algorithm": {
      "version": "2.0.1",
      "resolved": "https://registry.npmjs.org/@lumino/algorithm/-/algorithm-2.0.1.tgz",
      "integrity": "sha512-iA+uuvA7DeNFB0/cQpIWNgO1c6z4pOSigifjstLy+rxf1U5ZzxIq+xudnEuTbWgKSTviG02j4cKwCyx1PO6rzA=="
    },
    "node_modules/@lumino/widgets": {
      "version": "2.3.2",
      "resolved": "https://registry.npmjs.org/@lumino/widgets/-/widgets-2.3.2.tgz",
      "integrity": "sha512-IUx4VNplRS9V+6RqG7K46QAnf5OzhcjZ3Us6WcZzcEO9K5FD73BK914rnFAat4BnWScdTAdZGUGKOvLPT9kuNA==",
      "dependencies": {
        "@lumino/algorithm": "^2.0.1",
        "@lumino/commands": "^2.3.0",
        "@lumino/coreutils": "^2.1.2",
        "@lumino/disposable": "^2.1.2",
        "@lumino/domutils": "^2.0.1",
        "@lumino/dragdrop": "^2.1.4",
        "@lumino/keyboard": "^2.0.1",
        "@lumino/messaging": "^2.0.1",
        "@lumino/properties": "^2.0.1",
        "@lumino/signaling": "^2.1.2",
        "@lumino/virtualdom": "^2.0.1"
      }
    },
    "node_modules/@lumino/widgets/node_modules/@lumino/algorithm": {
      "version": "2.0.1",
      "resolved": "https://registry.npmjs.org/@lumino/algorithm/-/algorithm-2.0.1.tgz",
      "integrity": "sha512-iA+uuvA7DeNFB0/cQpIWNgO1c6z4pOSigifjstLy+rxf1U5ZzxIq+xudnEuTbWgKSTviG02j4cKwCyx1PO6rzA=="
    },
    "node_modules/@lumino/widgets/node_modules/@lumino/collections": {
      "version": "2.0.1",
      "resolved": "https://registry.npmjs.org/@lumino/collections/-/collections-2.0.1.tgz",
      "integrity": "sha512-8TbAU/48XVPKc/FOhGHLuugf2Gmx6vhVEx867KGG5fLwDOI8EW4gTno78yJUk8G0QpgNa+sdpB/LwbJFNIratg==",
      "dependencies": {
        "@lumino/algorithm": "^2.0.1"
      }
    },
    "node_modules/@lumino/widgets/node_modules/@lumino/domutils": {
      "version": "2.0.1",
      "resolved": "https://registry.npmjs.org/@lumino/domutils/-/domutils-2.0.1.tgz",
      "integrity": "sha512-tbcfhsdKH04AMjSgYAYGD2xE80YcjrqKnfMTeU2NHt4J294Hzxs1GvEmSMk5qJ3Bbgwx6Z4BbQ7apnFg8Gc6cA=="
    },
    "node_modules/@lumino/widgets/node_modules/@lumino/messaging": {
      "version": "2.0.1",
      "resolved": "https://registry.npmjs.org/@lumino/messaging/-/messaging-2.0.1.tgz",
      "integrity": "sha512-Z1b9Sq7i2yw7BN/u9ezoBUMYK06CsQXO7BqpczSnEO0PfwFf9dWi7y9VcIySOBz9uogsT1uczZMIMtLefk+xPQ==",
      "dependencies": {
        "@lumino/algorithm": "^2.0.1",
        "@lumino/collections": "^2.0.1"
      }
    },
    "node_modules/@rjsf/utils": {
      "version": "5.18.3",
      "resolved": "https://registry.npmjs.org/@rjsf/utils/-/utils-5.18.3.tgz",
      "integrity": "sha512-0TzjAKAlqXSCneVnHhcL3gAr4DlIPgwzkFdNEI4A+LFjLFlECPah2o3RhEgvqJnUXFviDGF1dqhkxa/Pr59ajw==",
      "dependencies": {
        "json-schema-merge-allof": "^0.8.1",
        "jsonpointer": "^5.0.1",
        "lodash": "^4.17.21",
        "lodash-es": "^4.17.21",
        "react-is": "^18.2.0"
      },
      "engines": {
        "node": ">=14"
      },
      "peerDependencies": {
        "react": "^16.14.0 || >=17"
      }
    },
    "node_modules/@types/backbone": {
      "version": "1.4.14",
      "resolved": "https://registry.npmjs.org/@types/backbone/-/backbone-1.4.14.tgz",
      "integrity": "sha512-85ldQ99fiYTJFBlZuAJRaCdvTZKZ2p1fSs3fVf+6Ub6k1X0g0hNJ0qJ/2FOByyyAQYLtbEz3shX5taKQfBKBDw==",
      "dependencies": {
        "@types/jquery": "*",
        "@types/underscore": "*"
      }
    },
    "node_modules/@types/jquery": {
      "version": "3.5.30",
      "resolved": "https://registry.npmjs.org/@types/jquery/-/jquery-3.5.30.tgz",
      "integrity": "sha512-nbWKkkyb919DOUxjmRVk8vwtDb0/k8FKncmUKFi+NY+QXqWltooxTrswvz4LspQwxvLdvzBN1TImr6cw3aQx2A==",
      "dependencies": {
        "@types/sizzle": "*"
      }
    },
    "node_modules/@types/lodash": {
      "version": "4.17.1",
      "resolved": "https://registry.npmjs.org/@types/lodash/-/lodash-4.17.1.tgz",
      "integrity": "sha512-X+2qazGS3jxLAIz5JDXDzglAF3KpijdhFxlf/V1+hEsOUc+HnWi81L/uv/EvGuV90WY+7mPGFCUDGfQC3Gj95Q=="
    },
    "node_modules/@types/sizzle": {
      "version": "2.3.8",
      "resolved": "https://registry.npmjs.org/@types/sizzle/-/sizzle-2.3.8.tgz",
      "integrity": "sha512-0vWLNK2D5MT9dg0iOo8GlKguPAU02QjmZitPEsXRuJXU/OGIOt9vT9Fc26wtYuavLxtO45v9PGleoL9Z0k1LHg=="
    },
    "node_modules/@types/underscore": {
      "version": "1.11.15",
      "resolved": "https://registry.npmjs.org/@types/underscore/-/underscore-1.11.15.tgz",
      "integrity": "sha512-HP38xE+GuWGlbSRq9WrZkousaQ7dragtZCruBVMi0oX1migFZavZ3OROKHSkNp/9ouq82zrWtZpg18jFnVN96g=="
    },
    "node_modules/ajv": {
      "version": "8.13.0",
      "resolved": "https://registry.npmjs.org/ajv/-/ajv-8.13.0.tgz",
      "integrity": "sha512-PRA911Blj99jR5RMeTunVbNXMF6Lp4vZXnk5GQjcnUWUTsrXtekg/pnmFFI2u/I36Y/2bITGS30GZCXei6uNkA==",
      "dependencies": {
        "fast-deep-equal": "^3.1.3",
        "json-schema-traverse": "^1.0.0",
        "require-from-string": "^2.0.2",
        "uri-js": "^4.4.1"
      },
      "funding": {
        "type": "github",
        "url": "https://github.com/sponsors/epoberezkin"
      }
    },
    "node_modules/backbone": {
      "version": "1.4.0",
      "resolved": "https://registry.npmjs.org/backbone/-/backbone-1.4.0.tgz",
      "integrity": "sha512-RLmDrRXkVdouTg38jcgHhyQ/2zjg7a8E6sz2zxfz21Hh17xDJYUHBZimVIt5fUyS8vbfpeSmTL3gUjTEvUV3qQ==",
      "dependencies": {
        "underscore": ">=1.8.3"
      }
    },
    "node_modules/compute-gcd": {
      "version": "1.2.1",
      "resolved": "https://registry.npmjs.org/compute-gcd/-/compute-gcd-1.2.1.tgz",
      "integrity": "sha512-TwMbxBNz0l71+8Sc4czv13h4kEqnchV9igQZBi6QUaz09dnz13juGnnaWWJTRsP3brxOoxeB4SA2WELLw1hCtg==",
      "dependencies": {
        "validate.io-array": "^1.0.3",
        "validate.io-function": "^1.0.2",
        "validate.io-integer-array": "^1.0.0"
      }
    },
    "node_modules/compute-lcm": {
      "version": "1.1.2",
      "resolved": "https://registry.npmjs.org/compute-lcm/-/compute-lcm-1.1.2.tgz",
      "integrity": "sha512-OFNPdQAXnQhDSKioX8/XYT6sdUlXwpeMjfd6ApxMJfyZ4GxmLR1xvMERctlYhlHwIiz6CSpBc2+qYKjHGZw4TQ==",
      "dependencies": {
        "compute-gcd": "^1.2.1",
        "validate.io-array": "^1.0.3",
        "validate.io-function": "^1.0.2",
        "validate.io-integer-array": "^1.0.0"
      }
    },
    "node_modules/d3-color": {
      "version": "3.1.0",
      "resolved": "https://registry.npmjs.org/d3-color/-/d3-color-3.1.0.tgz",
      "integrity": "sha512-zg/chbXyeBtMQ1LbD/WSoW2DpC3I0mpmPdW+ynRTj/x2DAWYrIY7qeZIHidozwV24m4iavr15lNwIwLxRmOxhA==",
      "engines": {
        "node": ">=12"
      }
    },
    "node_modules/d3-format": {
      "version": "3.1.0",
      "resolved": "https://registry.npmjs.org/d3-format/-/d3-format-3.1.0.tgz",
      "integrity": "sha512-YyUI6AEuY/Wpt8KWLgZHsIU86atmikuoOmCfommt0LYHiQSPjvX2AcFc38PX0CBpr2RCyZhjex+NS/LPOv6YqA==",
      "engines": {
        "node": ">=12"
      }
    },
    "node_modules/fast-deep-equal": {
      "version": "3.1.3",
      "resolved": "https://registry.npmjs.org/fast-deep-equal/-/fast-deep-equal-3.1.3.tgz",
      "integrity": "sha512-f3qQ9oQy9j2AhBe/H9VC91wLmKBCCU/gDOnKNAYG5hswO7BLKj09Hc5HYNz9cGI++xlpDCIgDaitVs03ATR84Q=="
    },
    "node_modules/isomorphic.js": {
      "version": "0.2.5",
      "resolved": "https://registry.npmjs.org/isomorphic.js/-/isomorphic.js-0.2.5.tgz",
      "integrity": "sha512-PIeMbHqMt4DnUP3MA/Flc0HElYjMXArsw1qwJZcm9sqR8mq3l8NYizFMty0pWwE/tzIGH3EKK5+jes5mAr85yw==",
      "funding": {
        "type": "GitHub Sponsors ❤",
        "url": "https://github.com/sponsors/dmonad"
      }
    },
    "node_modules/jquery": {
      "version": "3.7.1",
      "resolved": "https://registry.npmjs.org/jquery/-/jquery-3.7.1.tgz",
      "integrity": "sha512-m4avr8yL8kmFN8psrbFFFmB/If14iN5o9nw/NgnnM+kybDJpRsAynV2BsfpTYrTRysYUdADVD7CkUUizgkpLfg=="
    },
    "node_modules/js-tokens": {
      "version": "4.0.0",
      "resolved": "https://registry.npmjs.org/js-tokens/-/js-tokens-4.0.0.tgz",
      "integrity": "sha512-RdJUflcE3cUzKiMqQgsCu06FPu9UdIJO0beYbPhHN4k6apgJtifcoCtT9bcxOpYBtpD2kCM6Sbzg4CausW/PKQ==",
      "peer": true
    },
    "node_modules/json-schema-compare": {
      "version": "0.2.2",
      "resolved": "https://registry.npmjs.org/json-schema-compare/-/json-schema-compare-0.2.2.tgz",
      "integrity": "sha512-c4WYmDKyJXhs7WWvAWm3uIYnfyWFoIp+JEoX34rctVvEkMYCPGhXtvmFFXiffBbxfZsvQ0RNnV5H7GvDF5HCqQ==",
      "dependencies": {
        "lodash": "^4.17.4"
      }
    },
    "node_modules/json-schema-merge-allof": {
      "version": "0.8.1",
      "resolved": "https://registry.npmjs.org/json-schema-merge-allof/-/json-schema-merge-allof-0.8.1.tgz",
      "integrity": "sha512-CTUKmIlPJbsWfzRRnOXz+0MjIqvnleIXwFTzz+t9T86HnYX/Rozria6ZVGLktAU9e+NygNljveP+yxqtQp/Q4w==",
      "dependencies": {
        "compute-lcm": "^1.1.2",
        "json-schema-compare": "^0.2.2",
        "lodash": "^4.17.20"
      },
      "engines": {
        "node": ">=12.0.0"
      }
    },
    "node_modules/json-schema-traverse": {
      "version": "1.0.0",
      "resolved": "https://registry.npmjs.org/json-schema-traverse/-/json-schema-traverse-1.0.0.tgz",
      "integrity": "sha512-NM8/P9n3XjXhIZn1lLhkFaACTOURQXjWhV4BA/RnOv8xvgqtqpAX9IO4mRQxSx1Rlo4tqzeqb0sOlruaOy3dug=="
    },
    "node_modules/json5": {
      "version": "2.2.3",
      "resolved": "https://registry.npmjs.org/json5/-/json5-2.2.3.tgz",
      "integrity": "sha512-XmOWe7eyHYH14cLdVPoyg+GOH3rYX++KpzrylJwSW98t3Nk+U8XOl8FWKOgwtzdb8lXGf6zYwDUzeHMWfxasyg==",
      "bin": {
        "json5": "lib/cli.js"
      },
      "engines": {
        "node": ">=6"
      }
    },
    "node_modules/jsonpointer": {
      "version": "5.0.1",
      "resolved": "https://registry.npmjs.org/jsonpointer/-/jsonpointer-5.0.1.tgz",
      "integrity": "sha512-p/nXbhSEcu3pZRdkW1OfJhpsVtW1gd4Wa1fnQc9YLiTfAjn0312eMKimbdIQzuZl9aa9xUGaRlP9T/CJE/ditQ==",
      "engines": {
        "node": ">=0.10.0"
      }
    },
    "node_modules/lib0": {
      "version": "0.2.94",
      "resolved": "https://registry.npmjs.org/lib0/-/lib0-0.2.94.tgz",
      "integrity": "sha512-hZ3p54jL4Wpu7IOg26uC7dnEWiMyNlUrb9KoG7+xYs45WkQwpVvKFndVq2+pqLYKe1u8Fp3+zAfZHVvTK34PvQ==",
      "dependencies": {
        "isomorphic.js": "^0.2.4"
      },
      "bin": {
        "0ecdsa-generate-keypair": "bin/0ecdsa-generate-keypair.js",
        "0gentesthtml": "bin/gentesthtml.js",
        "0serve": "bin/0serve.js"
      },
      "engines": {
        "node": ">=16"
      },
      "funding": {
        "type": "GitHub Sponsors ❤",
        "url": "https://github.com/sponsors/dmonad"
      }
    },
    "node_modules/lodash": {
      "version": "4.17.21",
      "resolved": "https://registry.npmjs.org/lodash/-/lodash-4.17.21.tgz",
      "integrity": "sha512-v2kDEe57lecTulaDIuNTPy3Ry4gLGJ6Z1O3vE1krgXZNrsQ+LFTGHVxVjcXPs17LhbZVGedAJv8XZ1tvj5FvSg=="
    },
    "node_modules/lodash-es": {
      "version": "4.17.21",
      "resolved": "https://registry.npmjs.org/lodash-es/-/lodash-es-4.17.21.tgz",
      "integrity": "sha512-mKnC+QJ9pWVzv+C4/U3rRsHapFfHvQFoFB92e52xeyGMcX6/OlIl78je1u8vePzYZSkkogMPJ2yjxxsb89cxyw=="
    },
    "node_modules/loose-envify": {
      "version": "1.4.0",
      "resolved": "https://registry.npmjs.org/loose-envify/-/loose-envify-1.4.0.tgz",
      "integrity": "sha512-lyuxPGr/Wfhrlem2CL/UcnUc1zcqKAImBDzukY7Y5F/yQiNdko6+fRLevlw1HgMySw7f611UIY408EtxRSoK3Q==",
      "peer": true,
      "dependencies": {
        "js-tokens": "^3.0.0 || ^4.0.0"
      },
      "bin": {
        "loose-envify": "cli.js"
      }
    },
    "node_modules/minimist": {
      "version": "1.2.8",
      "resolved": "https://registry.npmjs.org/minimist/-/minimist-1.2.8.tgz",
      "integrity": "sha512-2yyAR8qBkN3YuheJanUpWC5U3bb5osDywNB8RzDVlDwDHbocAJveqqj1u8+SVD7jkWT4yvsHCpWqqWqAxb0zCA==",
      "funding": {
        "url": "https://github.com/sponsors/ljharb"
      }
    },
    "node_modules/nouislider": {
      "version": "15.4.0",
      "resolved": "https://registry.npmjs.org/nouislider/-/nouislider-15.4.0.tgz",
      "integrity": "sha512-AV7UMhGhZ4Mj6ToMT812Ib8OJ4tAXR2/Um7C4l4ZvvsqujF0WpQTpqqHJ+9xt4174R7ueQOUrBR4yakJpAIPCA=="
    },
    "node_modules/path-browserify": {
      "version": "1.0.1",
      "resolved": "https://registry.npmjs.org/path-browserify/-/path-browserify-1.0.1.tgz",
      "integrity": "sha512-b7uo2UCUOYZcnF/3ID0lulOJi/bafxa1xPe7ZPsammBSpjSWQkjNxlt635YGS2MiR9GjvuXCtz2emr3jbsz98g=="
    },
    "node_modules/punycode": {
      "version": "2.3.1",
      "resolved": "https://registry.npmjs.org/punycode/-/punycode-2.3.1.tgz",
      "integrity": "sha512-vYt7UD1U9Wg6138shLtLOvdAu+8DsC/ilFtEVHcH+wydcSpNE20AfSOduf6MkRFahL5FY7X1oU7nKVZFtfq8Fg==",
      "engines": {
        "node": ">=6"
      }
    },
    "node_modules/querystringify": {
      "version": "2.2.0",
      "resolved": "https://registry.npmjs.org/querystringify/-/querystringify-2.2.0.tgz",
      "integrity": "sha512-FIqgj2EUvTa7R50u0rGsyTftzjYmv/a3hO345bZNrqabNqjtgiDMgmo4mkUjd+nzU5oF3dClKqFIPUKybUyqoQ=="
    },
    "node_modules/react": {
      "version": "18.3.1",
      "resolved": "https://registry.npmjs.org/react/-/react-18.3.1.tgz",
      "integrity": "sha512-wS+hAgJShR0KhEvPJArfuPVN1+Hz1t0Y6n5jLrGQbkb4urgPE/0Rve+1kMB1v/oWgHgm4WIcV+i7F2pTVj+2iQ==",
      "peer": true,
      "dependencies": {
        "loose-envify": "^1.1.0"
      },
      "engines": {
        "node": ">=0.10.0"
      }
    },
    "node_modules/react-is": {
      "version": "18.3.1",
      "resolved": "https://registry.npmjs.org/react-is/-/react-is-18.3.1.tgz",
      "integrity": "sha512-/LLMVyas0ljjAtoYiPqYiL8VWXzUUdThrmU5+n20DZv+a+ClRoevUzw5JxU+Ieh5/c87ytoTBV9G1FiKfNJdmg=="
    },
    "node_modules/require-from-string": {
      "version": "2.0.2",
      "resolved": "https://registry.npmjs.org/require-from-string/-/require-from-string-2.0.2.tgz",
      "integrity": "sha512-Xf0nWe6RseziFMu+Ap9biiUbmplq6S9/p+7w7YXP/JBHhrUDDUhwa+vANyubuqfZWTveU//DYVGsDG7RKL/vEw==",
      "engines": {
        "node": ">=0.10.0"
      }
    },
    "node_modules/requires-port": {
      "version": "1.0.0",
      "resolved": "https://registry.npmjs.org/requires-port/-/requires-port-1.0.0.tgz",
      "integrity": "sha512-KigOCHcocU3XODJxsu8i/j8T9tzT4adHiecwORRQ0ZZFcp7ahwXuRU1m+yuO90C5ZUyGeGfocHDI14M3L3yDAQ=="
    },
    "node_modules/underscore": {
      "version": "1.13.6",
      "resolved": "https://registry.npmjs.org/underscore/-/underscore-1.13.6.tgz",
      "integrity": "sha512-+A5Sja4HP1M08MaXya7p5LvjuM7K6q/2EaC0+iovj/wOcMsTzMvDFbasi/oSapiwOlt252IqsKqPjCl7huKS0A=="
    },
    "node_modules/uri-js": {
      "version": "4.4.1",
      "resolved": "https://registry.npmjs.org/uri-js/-/uri-js-4.4.1.tgz",
      "integrity": "sha512-7rKUyy33Q1yc98pQ1DAmLtwX109F7TIfWlW1Ydo8Wl1ii1SeHieeh0HHfPeL2fMXK6z0s8ecKs9frCuLJvndBg==",
      "dependencies": {
        "punycode": "^2.1.0"
      }
    },
    "node_modules/url-parse": {
      "version": "1.5.10",
      "resolved": "https://registry.npmjs.org/url-parse/-/url-parse-1.5.10.tgz",
      "integrity": "sha512-WypcfiRhfeUP9vvF0j6rw0J3hrWrw6iZv3+22h6iRMJ/8z1Tj6XfLP4DsUix5MhMPnXpiHDoKyoZ/bdCkwBCiQ==",
      "dependencies": {
        "querystringify": "^2.1.1",
        "requires-port": "^1.0.0"
      }
    },
    "node_modules/validate.io-array": {
      "version": "1.0.6",
      "resolved": "https://registry.npmjs.org/validate.io-array/-/validate.io-array-1.0.6.tgz",
      "integrity": "sha512-DeOy7CnPEziggrOO5CZhVKJw6S3Yi7e9e65R1Nl/RTN1vTQKnzjfvks0/8kQ40FP/dsjRAOd4hxmJ7uLa6vxkg=="
    },
    "node_modules/validate.io-function": {
      "version": "1.0.2",
      "resolved": "https://registry.npmjs.org/validate.io-function/-/validate.io-function-1.0.2.tgz",
      "integrity": "sha512-LlFybRJEriSuBnUhQyG5bwglhh50EpTL2ul23MPIuR1odjO7XaMLFV8vHGwp7AZciFxtYOeiSCT5st+XSPONiQ=="
    },
    "node_modules/validate.io-integer": {
      "version": "1.0.5",
      "resolved": "https://registry.npmjs.org/validate.io-integer/-/validate.io-integer-1.0.5.tgz",
      "integrity": "sha512-22izsYSLojN/P6bppBqhgUDjCkr5RY2jd+N2a3DCAUey8ydvrZ/OkGvFPR7qfOpwR2LC5p4Ngzxz36g5Vgr/hQ==",
      "dependencies": {
        "validate.io-number": "^1.0.3"
      }
    },
    "node_modules/validate.io-integer-array": {
      "version": "1.0.0",
      "resolved": "https://registry.npmjs.org/validate.io-integer-array/-/validate.io-integer-array-1.0.0.tgz",
      "integrity": "sha512-mTrMk/1ytQHtCY0oNO3dztafHYyGU88KL+jRxWuzfOmQb+4qqnWmI+gykvGp8usKZOM0H7keJHEbRaFiYA0VrA==",
      "dependencies": {
        "validate.io-array": "^1.0.3",
        "validate.io-integer": "^1.0.4"
      }
    },
    "node_modules/validate.io-number": {
      "version": "1.0.3",
      "resolved": "https://registry.npmjs.org/validate.io-number/-/validate.io-number-1.0.3.tgz",
      "integrity": "sha512-kRAyotcbNaSYoDnXvb4MHg/0a1egJdLwS6oJ38TJY7aw9n93Fl/3blIXdyYvPOp55CNxywooG/3BcrwNrBpcSg=="
    },
    "node_modules/ws": {
      "version": "8.17.0",
      "resolved": "https://registry.npmjs.org/ws/-/ws-8.17.0.tgz",
      "integrity": "sha512-uJq6108EgZMAl20KagGkzCKfMEjxmKvZHG7Tlq0Z6nOky7YF7aq4mOx6xK8TJ/i1LeK4Qus7INktacctDgY8Ow==",
      "engines": {
        "node": ">=10.0.0"
      },
      "peerDependencies": {
        "bufferutil": "^4.0.1",
        "utf-8-validate": ">=5.0.2"
      },
      "peerDependenciesMeta": {
        "bufferutil": {
          "optional": true
        },
        "utf-8-validate": {
          "optional": true
        }
      }
    },
    "node_modules/y-protocols": {
      "version": "1.0.6",
      "resolved": "https://registry.npmjs.org/y-protocols/-/y-protocols-1.0.6.tgz",
      "integrity": "sha512-vHRF2L6iT3rwj1jub/K5tYcTT/mEYDUppgNPXwp8fmLpui9f7Yeq3OEtTLVF012j39QnV+KEQpNqoN7CWU7Y9Q==",
      "dependencies": {
        "lib0": "^0.2.85"
      },
      "engines": {
        "node": ">=16.0.0",
        "npm": ">=8.0.0"
      },
      "funding": {
        "type": "GitHub Sponsors ❤",
        "url": "https://github.com/sponsors/dmonad"
      },
      "peerDependencies": {
        "yjs": "^13.0.0"
      }
    },
    "node_modules/yjs": {
      "version": "13.6.15",
      "resolved": "https://registry.npmjs.org/yjs/-/yjs-13.6.15.tgz",
      "integrity": "sha512-moFv4uNYhp8BFxIk3AkpoAnnjts7gwdpiG8RtyFiKbMtxKCS0zVZ5wPaaGpwC3V2N/K8TK8MwtSI3+WO9CHWjQ==",
      "dependencies": {
        "lib0": "^0.2.86"
      },
      "engines": {
        "node": ">=16.0.0",
        "npm": ">=8.0.0"
      },
      "funding": {
        "type": "GitHub Sponsors ❤",
        "url": "https://github.com/sponsors/dmonad"
      }
    }
  }
}
